{
  "name": "Analisis-SDD",
  "lockfileVersion": 3,
  "requires": true,
  "packages": {
    "": {
      "dependencies": {
        "ccstatusline": "^2.2.30"
      }
    },
    "node_modules/ccstatusline": {
      "version": "2.2.30",
      "resolved": "https://registry.npmjs.org/ccstatusline/-/ccstatusline-2.2.30.tgz",
      "integrity": "sha512-5pzYEFjag+oRAI8udChxiN3lKFtzcHhu8KAsEP3T/wU6u3DsT0QJ3fAL2J4Cr+eo9AqRalqvP4sYpDguzn/1HQ==",
      "license": "MIT",
      "bin": {
        "ccstatusline": "dist/ccstatusline.js"
      },
      "engines": {
        "node": ">=14.0.0"
      }
    }
  }
}
